
Microsoft Visual Studio Solution File, Format Version 12.00
# Visual Studio Version 17
VisualStudioVersion = 17.9.34728.123
MinimumVisualStudioVersion = 10.0.40219.1
Project("{9A19103F-16F7-4668-BE54-9A1E7A4F7556}") = "PruebaRedarbor", "PruebaRedarbor\PruebaRedarbor.csproj", "{2EB85E76-BC85-43E0-B22C-20104AC719C9}"
EndProject
Project("{9A19103F-16F7-4668-BE54-9A1E7A4F7556}") = "Infraestructure", "Infraestructure\Infraestructure.csproj", "{CE0414BC-23ED-45E2-8D87-8CAF06411915}"
EndProject
Project("{9A19103F-16F7-4668-BE54-9A1E7A4F7556}") = "Domain", "Domain\Domain.csproj", "{3CA57885-2A3E-4326-977E-8DFF439508AD}"
EndProject
Project("{9A19103F-16F7-4668-BE54-9A1E7A4F7556}") = "Application", "Application\Application.csproj", "{674ABE8E-BBD8-4E41-9B58-6BCEA0B6BA02}"
EndProject
Project("{FAE04EC0-301F-11D3-BF4B-00C04F79EFBC}") = "Shared", "Shared\Shared.csproj", "{3D3D7EB9-297D-4A70-BD24-8AC8035CC217}"
EndProject
Global
	GlobalSection(SolutionConfigurationPlatforms) = preSolution
		Debug|Any CPU = Debug|Any CPU
		Release|Any CPU = Release|Any CPU
	EndGlobalSection
	GlobalSection(ProjectConfigurationPlatforms) = postSolution
		{2EB85E76-BC85-43E0-B22C-20104AC719C9}.Debug|Any CPU.ActiveCfg = Debug|Any CPU
		{2EB85E76-BC85-43E0-B22C-20104AC719C9}.Debug|Any CPU.Build.0 = Debug|Any CPU
		{2EB85E76-BC85-43E0-B22C-20104AC719C9}.Release|Any CPU.ActiveCfg = Release|Any CPU
		{2EB85E76-BC85-43E0-B22C-20104AC719C9}.Release|Any CPU.Build.0 = Release|Any CPU
		{CE0414BC-23ED-45E2-8D87-8CAF06411915}.Debug|Any CPU.ActiveCfg = Debug|Any CPU
		{CE0414BC-23ED-45E2-8D87-8CAF06411915}.Debug|Any CPU.Build.0 = Debug|Any CPU
		{CE0414BC-23ED-45E2-8D87-8CAF06411915}.Release|Any CPU.ActiveCfg = Release|Any CPU
		{CE0414BC-23ED-45E2-8D87-8CAF06411915}.Release|Any CPU.Build.0 = Release|Any CPU
		{3CA57885-2A3E-4326-977E-8DFF439508AD}.Debug|Any CPU.ActiveCfg = Debug|Any CPU
		{3CA57885-2A3E-4326-977E-8DFF439508AD}.Debug|Any CPU.Build.0 = Debug|Any CPU
		{3CA57885-2A3E-4326-977E-8DFF439508AD}.Release|Any CPU.ActiveCfg = Release|Any CPU
		{3CA57885-2A3E-4326-977E-8DFF439508AD}.Release|Any CPU.Build.0 = Release|Any CPU
		{674ABE8E-BBD8-4E41-9B58-6BCEA0B6BA02}.Debug|Any CPU.ActiveCfg = Debug|Any CPU
		{674ABE8E-BBD8-4E41-9B58-6BCEA0B6BA02}.Debug|Any CPU.Build.0 = Debug|Any CPU
		{674ABE8E-BBD8-4E41-9B58-6BCEA0B6BA02}.Release|Any CPU.ActiveCfg = Release|Any CPU
		{674ABE8E-BBD8-4E41-9B58-6BCEA0B6BA02}.Release|Any CPU.Build.0 = Release|Any CPU
		{3D3D7EB9-297D-4A70-BD24-8AC8035CC217}.Debug|Any CPU.ActiveCfg = Debug|Any CPU
		{3D3D7EB9-297D-4A70-BD24-8AC8035CC217}.Debug|Any CPU.Build.0 = Debug|Any CPU
		{3D3D7EB9-297D-4A70-BD24-8AC8035CC217}.Release|Any CPU.ActiveCfg = Release|Any CPU
		{3D3D7EB9-297D-4A70-BD24-8AC8035CC217}.Release|Any CPU.Build.0 = Release|Any CPU
	EndGlobalSection
	GlobalSection(SolutionProperties) = preSolution
		HideSolutionNode = FALSE
	EndGlobalSection
	GlobalSection(ExtensibilityGlobals) = postSolution
		SolutionGuid = {5D1A7A2E-5972-493C-9BA1-BAF46E1C1A12}
	EndGlobalSection
EndGlobal
